// !$*UTF8*$!
{
	archiveVersion = 1;
	classes = {
	};
	objectVersion = 56;
	objects = {

/* Begin PBXBuildFile section */
		3F68A66F29BF0EC8000028AC /* UberApp.swift in Sources */ = {isa = PBXBuildFile; fileRef = 3F68A66E29BF0EC8000028AC /* UberApp.swift */; };
		3F68A67329BF0EC9000028AC /* Assets.xcassets in Resources */ = {isa = PBXBuildFile; fileRef = 3F68A67229BF0EC9000028AC /* Assets.xcassets */; };
		3F68A67629BF0EC9000028AC /* Preview Assets.xcassets in Resources */ = {isa = PBXBuildFile; fileRef = 3F68A67529BF0EC9000028AC /* Preview Assets.xcassets */; };
		3F68A68429C46333000028AC /* HomeView.swift in Sources */ = {isa = PBXBuildFile; fileRef = 3F68A68329C46333000028AC /* HomeView.swift */; };
		3F68A68629C46392000028AC /* UberMapViewRepresentable.swift in Sources */ = {isa = PBXBuildFile; fileRef = 3F68A68529C46392000028AC /* UberMapViewRepresentable.swift */; };
		3F68A68829C4661D000028AC /* LocationManager.swift in Sources */ = {isa = PBXBuildFile; fileRef = 3F68A68729C4661D000028AC /* LocationManager.swift */; };
		3F68A68F29C46ED9000028AC /* LocationSearchActivationView.swift in Sources */ = {isa = PBXBuildFile; fileRef = 3F68A68E29C46ED9000028AC /* LocationSearchActivationView.swift */; };
		3F68A69129C47052000028AC /* MapViewActionButton.swift in Sources */ = {isa = PBXBuildFile; fileRef = 3F68A69029C47052000028AC /* MapViewActionButton.swift */; };
		3F68A69329C471DE000028AC /* LocationSearchView.swift in Sources */ = {isa = PBXBuildFile; fileRef = 3F68A69229C471DE000028AC /* LocationSearchView.swift */; };
		3F68A69529C4756D000028AC /* LocationSearchResultCell.swift in Sources */ = {isa = PBXBuildFile; fileRef = 3F68A69429C4756D000028AC /* LocationSearchResultCell.swift */; };
/* End PBXBuildFile section */

/* Begin PBXFileReference section */
		3F68A66B29BF0EC8000028AC /* Uber.app */ = {isa = PBXFileReference; explicitFileType = wrapper.application; includeInIndex = 0; path = Uber.app; sourceTree = BUILT_PRODUCTS_DIR; };
		3F68A66E29BF0EC8000028AC /* UberApp.swift */ = {isa = PBXFileReference; lastKnownFileType = sourcecode.swift; path = UberApp.swift; sourceTree = "<group>"; };
		3F68A67229BF0EC9000028AC /* Assets.xcassets */ = {isa = PBXFileReference; lastKnownFileType = folder.assetcatalog; path = Assets.xcassets; sourceTree = "<group>"; };
		3F68A67529BF0EC9000028AC /* Preview Assets.xcassets */ = {isa = PBXFileReference; lastKnownFileType = folder.assetcatalog; path = "Preview Assets.xcassets"; sourceTree = "<group>"; };
		3F68A68329C46333000028AC /* HomeView.swift */ = {isa = PBXFileReference; lastKnownFileType = sourcecode.swift; path = HomeView.swift; sourceTree = "<group>"; };
		3F68A68529C46392000028AC /* UberMapViewRepresentable.swift */ = {isa = PBXFileReference; lastKnownFileType = sourcecode.swift; path = UberMapViewRepresentable.swift; sourceTree = "<group>"; };
		3F68A68729C4661D000028AC /* LocationManager.swift */ = {isa = PBXFileReference; lastKnownFileType = sourcecode.swift; path = LocationManager.swift; sourceTree = "<group>"; };
		3F68A68929C46756000028AC /* Info.plist */ = {isa = PBXFileReference; lastKnownFileType = text.plist; path = Info.plist; sourceTree = "<group>"; };
		3F68A68E29C46ED9000028AC /* LocationSearchActivationView.swift */ = {isa = PBXFileReference; lastKnownFileType = sourcecode.swift; path = LocationSearchActivationView.swift; sourceTree = "<group>"; };
		3F68A69029C47052000028AC /* MapViewActionButton.swift */ = {isa = PBXFileReference; lastKnownFileType = sourcecode.swift; path = MapViewActionButton.swift; sourceTree = "<group>"; };
		3F68A69229C471DE000028AC /* LocationSearchView.swift */ = {isa = PBXFileReference; lastKnownFileType = sourcecode.swift; path = LocationSearchView.swift; sourceTree = "<group>"; };
		3F68A69429C4756D000028AC /* LocationSearchResultCell.swift */ = {isa = PBXFileReference; lastKnownFileType = sourcecode.swift; path = LocationSearchResultCell.swift; sourceTree = "<group>"; };
/* End PBXFileReference section */

/* Begin PBXFrameworksBuildPhase section */
		3F68A66829BF0EC8000028AC /* Frameworks */ = {
			isa = PBXFrameworksBuildPhase;
			buildActionMask = 2147483647;
			files = (
			);
			runOnlyForDeploymentPostprocessing = 0;
		};
/* End PBXFrameworksBuildPhase section */

/* Begin PBXGroup section */
		3F68A66229BF0EC8000028AC = {
			isa = PBXGroup;
			children = (
				3F68A66D29BF0EC8000028AC /* Uber */,
				3F68A66C29BF0EC8000028AC /* Products */,
			);
			sourceTree = "<group>";
		};
		3F68A66C29BF0EC8000028AC /* Products */ = {
			isa = PBXGroup;
			children = (
				3F68A66B29BF0EC8000028AC /* Uber.app */,
			);
			name = Products;
			sourceTree = "<group>";
		};
		3F68A66D29BF0EC8000028AC /* Uber */ = {
			isa = PBXGroup;
			children = (
				3F68A68929C46756000028AC /* Info.plist */,
				3F68A68029C462DF000028AC /* App */,
				3F68A67F29C462DE000028AC /* Core */,
				3F68A67E29C462DD000028AC /* Extensions */,
				3F68A67D29C462DC000028AC /* Managers */,
				3F68A67C29C462DA000028AC /* Models */,
				3F68A67229BF0EC9000028AC /* Assets.xcassets */,
				3F68A67429BF0EC9000028AC /* Preview Content */,
			);
			path = Uber;
			sourceTree = "<group>";
		};
		3F68A67429BF0EC9000028AC /* Preview Content */ = {
			isa = PBXGroup;
			children = (
				3F68A67529BF0EC9000028AC /* Preview Assets.xcassets */,
			);
			path = "Preview Content";
			sourceTree = "<group>";
		};
		3F68A67C29C462DA000028AC /* Models */ = {
			isa = PBXGroup;
			children = (
			);
			path = Models;
			sourceTree = "<group>";
		};
		3F68A67D29C462DC000028AC /* Managers */ = {
			isa = PBXGroup;
			children = (
				3F68A68729C4661D000028AC /* LocationManager.swift */,
			);
			path = Managers;
			sourceTree = "<group>";
		};
		3F68A67E29C462DD000028AC /* Extensions */ = {
			isa = PBXGroup;
			children = (
			);
			path = Extensions;
			sourceTree = "<group>";
		};
		3F68A67F29C462DE000028AC /* Core */ = {
			isa = PBXGroup;
			children = (
				3F68A68B29C46E3E000028AC /* LocationSearch */,
				3F68A68A29C46E35000028AC /* Home */,
			);
			path = Core;
			sourceTree = "<group>";
		};
		3F68A68029C462DF000028AC /* App */ = {
			isa = PBXGroup;
			children = (
				3F68A66E29BF0EC8000028AC /* UberApp.swift */,
			);
			path = App;
			sourceTree = "<group>";
		};
		3F68A68129C4631E000028AC /* Views */ = {
			isa = PBXGroup;
			children = (
				3F68A68329C46333000028AC /* HomeView.swift */,
				3F68A68529C46392000028AC /* UberMapViewRepresentable.swift */,
				3F68A69029C47052000028AC /* MapViewActionButton.swift */,
			);
			path = Views;
			sourceTree = "<group>";
		};
		3F68A68229C4631F000028AC /* ViewModel */ = {
			isa = PBXGroup;
			children = (
			);
			path = ViewModel;
			sourceTree = "<group>";
		};
		3F68A68A29C46E35000028AC /* Home */ = {
			isa = PBXGroup;
			children = (
				3F68A68229C4631F000028AC /* ViewModel */,
				3F68A68129C4631E000028AC /* Views */,
			);
			path = Home;
			sourceTree = "<group>";
		};
		3F68A68B29C46E3E000028AC /* LocationSearch */ = {
			isa = PBXGroup;
			children = (
				3F68A68D29C46E5D000028AC /* ViewModel */,
				3F68A68C29C46E59000028AC /* Views */,
			);
			path = LocationSearch;
			sourceTree = "<group>";
		};
		3F68A68C29C46E59000028AC /* Views */ = {
			isa = PBXGroup;
			children = (
				3F68A68E29C46ED9000028AC /* LocationSearchActivationView.swift */,
				3F68A69229C471DE000028AC /* LocationSearchView.swift */,
				3F68A69429C4756D000028AC /* LocationSearchResultCell.swift */,
			);
			path = Views;
			sourceTree = "<group>";
		};
		3F68A68D29C46E5D000028AC /* ViewModel */ = {
			isa = PBXGroup;
			children = (
			);
			path = ViewModel;
			sourceTree = "<group>";
		};
/* End PBXGroup section */

/* Begin PBXNativeTarget section */
		3F68A66A29BF0EC8000028AC /* Uber */ = {
			isa = PBXNativeTarget;
			buildConfigurationList = 3F68A67929BF0EC9000028AC /* Build configuration list for PBXNativeTarget "Uber" */;
			buildPhases = (
				3F68A66729BF0EC8000028AC /* Sources */,
				3F68A66829BF0EC8000028AC /* Frameworks */,
				3F68A66929BF0EC8000028AC /* Resources */,
			);
			buildRules = (
			);
			dependencies = (
			);
			name = Uber;
			productName = Uber;
			productReference = 3F68A66B29BF0EC8000028AC /* Uber.app */;
			productType = "com.apple.product-type.application";
		};
/* End PBXNativeTarget section */

/* Begin PBXProject section */
		3F68A66329BF0EC8000028AC /* Project object */ = {
			isa = PBXProject;
			attributes = {
				BuildIndependentTargetsInParallel = 1;
				LastSwiftUpdateCheck = 1420;
				LastUpgradeCheck = 1420;
				TargetAttributes = {
					3F68A66A29BF0EC8000028AC = {
						CreatedOnToolsVersion = 14.2;
					};
				};
			};
			buildConfigurationList = 3F68A66629BF0EC8000028AC /* Build configuration list for PBXProject "Uber" */;
			compatibilityVersion = "Xcode 14.0";
			developmentRegion = en;
			hasScannedForEncodings = 0;
			knownRegions = (
				en,
				Base,
			);
			mainGroup = 3F68A66229BF0EC8000028AC;
			productRefGroup = 3F68A66C29BF0EC8000028AC /* Products */;
			projectDirPath = "";
			projectRoot = "";
			targets = (
				3F68A66A29BF0EC8000028AC /* Uber */,
			);
		};
/* End PBXProject section */

/* Begin PBXResourcesBuildPhase section */
		3F68A66929BF0EC8000028AC /* Resources */ = {
			isa = PBXResourcesBuildPhase;
			buildActionMask = 2147483647;
			files = (
				3F68A67629BF0EC9000028AC /* Preview Assets.xcassets in Resources */,
				3F68A67329BF0EC9000028AC /* Assets.xcassets in Resources */,
			);
			runOnlyForDeploymentPostprocessing = 0;
		};
/* End PBXResourcesBuildPhase section */

/* Begin PBXSourcesBuildPhase section */
		3F68A66729BF0EC8000028AC /* Sources */ = {
			isa = PBXSourcesBuildPhase;
			buildActionMask = 2147483647;
			files = (
				3F68A69329C471DE000028AC /* LocationSearchView.swift in Sources */,
				3F68A68829C4661D000028AC /* LocationManager.swift in Sources */,
				3F68A69129C47052000028AC /* MapViewActionButton.swift in Sources */,
				3F68A66F29BF0EC8000028AC /* UberApp.swift in Sources */,
				3F68A68629C46392000028AC /* UberMapViewRepresentable.swift in Sources */,
				3F68A68429C46333000028AC /* HomeView.swift in Sources */,
				3F68A68F29C46ED9000028AC /* LocationSearchActivationView.swift in Sources */,
				3F68A69529C4756D000028AC /* LocationSearchResultCell.swift in Sources */,
			);
			runOnlyForDeploymentPostprocessing = 0;
		};
/* End PBXSourcesBuildPhase section */

/* Begin XCBuildConfiguration section */
		3F68A67729BF0EC9000028AC /* Debug */ = {
			isa = XCBuildConfiguration;
			buildSettings = {
				ALWAYS_SEARCH_USER_PATHS = NO;
				CLANG_ANALYZER_NONNULL = YES;
				CLANG_ANALYZER_NUMBER_OBJECT_CONVERSION = YES_AGGRESSIVE;
				CLANG_CXX_LANGUAGE_STANDARD = "gnu++20";
				CLANG_ENABLE_MODULES = YES;
				CLANG_ENABLE_OBJC_ARC = YES;
				CLANG_ENABLE_OBJC_WEAK = YES;
				CLANG_WARN_BLOCK_CAPTURE_AUTORELEASING = YES;
				CLANG_WARN_BOOL_CONVERSION = YES;
				CLANG_WARN_COMMA = YES;
				CLANG_WARN_CONSTANT_CONVERSION = YES;
				CLANG_WARN_DEPRECATED_OBJC_IMPLEMENTATIONS = YES;
				CLANG_WARN_DIRECT_OBJC_ISA_USAGE = YES_ERROR;
				CLANG_WARN_DOCUMENTATION_COMMENTS = YES;
				CLANG_WARN_EMPTY_BODY = YES;
				CLANG_WARN_ENUM_CONVERSION = YES;
				CLANG_WARN_INFINITE_RECURSION = YES;
				CLANG_WARN_INT_CONVERSION = YES;
				CLANG_WARN_NON_LITERAL_NULL_CONVERSION = YES;
				CLANG_WARN_OBJC_IMPLICIT_RETAIN_SELF = YES;
				CLANG_WARN_OBJC_LITERAL_CONVERSION = YES;
				CLANG_WARN_OBJC_ROOT_CLASS = YES_ERROR;
				CLANG_WARN_QUOTED_INCLUDE_IN_FRAMEWORK_HEADER = YES;
				CLANG_WARN_RANGE_LOOP_ANALYSIS = YES;
				CLANG_WARN_STRICT_PROTOTYPES = YES;
				CLANG_WARN_SUSPICIOUS_MOVE = YES;
				CLANG_WARN_UNGUARDED_AVAILABILITY = YES_AGGRESSIVE;
				CLANG_WARN_UNREACHABLE_CODE = YES;
				CLANG_WARN__DUPLICATE_METHOD_MATCH = YES;
				COPY_PHASE_STRIP = NO;
				DEBUG_INFORMATION_FORMAT = dwarf;
				ENABLE_STRICT_OBJC_MSGSEND = YES;
				ENABLE_TESTABILITY = YES;
				GCC_C_LANGUAGE_STANDARD = gnu11;
				GCC_DYNAMIC_NO_PIC = NO;
				GCC_NO_COMMON_BLOCKS = YES;
				GCC_OPTIMIZATION_LEVEL = 0;
				GCC_PREPROCESSOR_DEFINITIONS = (
					"DEBUG=1",
					"$(inherited)",
				);
				GCC_WARN_64_TO_32_BIT_CONVERSION = YES;
				GCC_WARN_ABOUT_RETURN_TYPE = YES_ERROR;
				GCC_WARN_UNDECLARED_SELECTOR = YES;
				GCC_WARN_UNINITIALIZED_AUTOS = YES_AGGRESSIVE;
				GCC_WARN_UNUSED_FUNCTION = YES;
				GCC_WARN_UNUSED_VARIABLE = YES;
				IPHONEOS_DEPLOYMENT_TARGET = 16.2;
				MTL_ENABLE_DEBUG_INFO = INCLUDE_SOURCE;
				MTL_FAST_MATH = YES;
				ONLY_ACTIVE_ARCH = YES;
				SDKROOT = iphoneos;
				SWIFT_ACTIVE_COMPILATION_CONDITIONS = DEBUG;
				SWIFT_OPTIMIZATION_LEVEL = "-Onone";
			};
			name = Debug;
		};
		3F68A67829BF0EC9000028AC /* Release */ = {
			isa = XCBuildConfiguration;
			buildSettings = {
				ALWAYS_SEARCH_USER_PATHS = NO;
				CLANG_ANALYZER_NONNULL = YES;
				CLANG_ANALYZER_NUMBER_OBJECT_CONVERSION = YES_AGGRESSIVE;
				CLANG_CXX_LANGUAGE_STANDARD = "gnu++20";
				CLANG_ENABLE_MODULES = YES;
				CLANG_ENABLE_OBJC_ARC = YES;
				CLANG_ENABLE_OBJC_WEAK = YES;
				CLANG_WARN_BLOCK_CAPTURE_AUTORELEASING = YES;
				CLANG_WARN_BOOL_CONVERSION = YES;
				CLANG_WARN_COMMA = YES;
				CLANG_WARN_CONSTANT_CONVERSION = YES;
				CLANG_WARN_DEPRECATED_OBJC_IMPLEMENTATIONS = YES;
				CLANG_WARN_DIRECT_OBJC_ISA_USAGE = YES_ERROR;
				CLANG_WARN_DOCUMENTATION_COMMENTS = YES;
				CLANG_WARN_EMPTY_BODY = YES;
				CLANG_WARN_ENUM_CONVERSION = YES;
				CLANG_WARN_INFINITE_RECURSION = YES;
				CLANG_WARN_INT_CONVERSION = YES;
				CLANG_WARN_NON_LITERAL_NULL_CONVERSION = YES;
				CLANG_WARN_OBJC_IMPLICIT_RETAIN_SELF = YES;
				CLANG_WARN_OBJC_LITERAL_CONVERSION = YES;
				CLANG_WARN_OBJC_ROOT_CLASS = YES_ERROR;
				CLANG_WARN_QUOTED_INCLUDE_IN_FRAMEWORK_HEADER = YES;
				CLANG_WARN_RANGE_LOOP_ANALYSIS = YES;
				CLANG_WARN_STRICT_PROTOTYPES = YES;
				CLANG_WARN_SUSPICIOUS_MOVE = YES;
				CLANG_WARN_UNGUARDED_AVAILABILITY = YES_AGGRESSIVE;
				CLANG_WARN_UNREACHABLE_CODE = YES;
				CLANG_WARN__DUPLICATE_METHOD_MATCH = YES;
				COPY_PHASE_STRIP = NO;
				DEBUG_INFORMATION_FORMAT = "dwarf-with-dsym";
				ENABLE_NS_ASSERTIONS = NO;
				ENABLE_STRICT_OBJC_MSGSEND = YES;
				GCC_C_LANGUAGE_STANDARD = gnu11;
				GCC_NO_COMMON_BLOCKS = YES;
				GCC_WARN_64_TO_32_BIT_CONVERSION = YES;
				GCC_WARN_ABOUT_RETURN_TYPE = YES_ERROR;
				GCC_WARN_UNDECLARED_SELECTOR = YES;
				GCC_WARN_UNINITIALIZED_AUTOS = YES_AGGRESSIVE;
				GCC_WARN_UNUSED_FUNCTION = YES;
				GCC_WARN_UNUSED_VARIABLE = YES;
				IPHONEOS_DEPLOYMENT_TARGET = 16.2;
				MTL_ENABLE_DEBUG_INFO = NO;
				MTL_FAST_MATH = YES;
				SDKROOT = iphoneos;
				SWIFT_COMPILATION_MODE = wholemodule;
				SWIFT_OPTIMIZATION_LEVEL = "-O";
				VALIDATE_PRODUCT = YES;
			};
			name = Release;
		};
		3F68A67A29BF0EC9000028AC /* Debug */ = {
			isa = XCBuildConfiguration;
			buildSettings = {
				ASSETCATALOG_COMPILER_APPICON_NAME = AppIcon;
				ASSETCATALOG_COMPILER_GLOBAL_ACCENT_COLOR_NAME = AccentColor;
				CODE_SIGN_STYLE = Automatic;
				CURRENT_PROJECT_VERSION = 1;
				DEVELOPMENT_ASSET_PATHS = "\"Uber/Preview Content\"";
				DEVELOPMENT_TEAM = DN6L97BACN;
				ENABLE_PREVIEWS = YES;
				GENERATE_INFOPLIST_FILE = YES;
				INFOPLIST_FILE = Uber/Info.plist;
				INFOPLIST_KEY_CFBundleDisplayName = "";
				INFOPLIST_KEY_NSLocationWhenInUseUsageDescription = "Please allow us to access your location and serve you with best rides.";
				INFOPLIST_KEY_UIApplicationSceneManifest_Generation = YES;
				INFOPLIST_KEY_UIApplicationSupportsIndirectInputEvents = YES;
				INFOPLIST_KEY_UILaunchScreen_Generation = YES;
				INFOPLIST_KEY_UISupportedInterfaceOrientations_iPad = "UIInterfaceOrientationPortrait UIInterfaceOrientationPortraitUpsideDown UIInterfaceOrientationLandscapeLeft UIInterfaceOrientationLandscapeRight";
				INFOPLIST_KEY_UISupportedInterfaceOrientations_iPhone = "UIInterfaceOrientationPortrait UIInterfaceOrientationLandscapeLeft UIInterfaceOrientationLandscapeRight";
				LD_RUNPATH_SEARCH_PATHS = (
					"$(inherited)",
					"@executable_path/Frameworks",
				);
				MARKETING_VERSION = 1.0;
				PRODUCT_BUNDLE_IDENTIFIER = com.mubashir.Uber;
				PRODUCT_NAME = "$(TARGET_NAME)";
				SWIFT_EMIT_LOC_STRINGS = YES;
				SWIFT_VERSION = 5.0;
				TARGETED_DEVICE_FAMILY = "1,2";
			};
			name = Debug;
		};
		3F68A67B29BF0EC9000028AC /* Release */ = {
			isa = XCBuildConfiguration;
			buildSettings = {
				ASSETCATALOG_COMPILER_APPICON_NAME = AppIcon;
				ASSETCATALOG_COMPILER_GLOBAL_ACCENT_COLOR_NAME = AccentColor;
				CODE_SIGN_STYLE = Automatic;
				CURRENT_PROJECT_VERSION = 1;
				DEVELOPMENT_ASSET_PATHS = "\"Uber/Preview Content\"";
				DEVELOPMENT_TEAM = DN6L97BACN;
				ENABLE_PREVIEWS = YES;
				GENERATE_INFOPLIST_FILE = YES;
				INFOPLIST_FILE = Uber/Info.plist;
				INFOPLIST_KEY_CFBundleDisplayName = "";
				INFOPLIST_KEY_NSLocationWhenInUseUsageDescription = "Please allow us to access your location and serve you with best rides.";
				INFOPLIST_KEY_UIApplicationSceneManifest_Generation = YES;
				INFOPLIST_KEY_UIApplicationSupportsIndirectInputEvents = YES;
				INFOPLIST_KEY_UILaunchScreen_Generation = YES;
				INFOPLIST_KEY_UISupportedInterfaceOrientations_iPad = "UIInterfaceOrientationPortrait UIInterfaceOrientationPortraitUpsideDown UIInterfaceOrientationLandscapeLeft UIInterfaceOrientationLandscapeRight";
				INFOPLIST_KEY_UISupportedInterfaceOrientations_iPhone = "UIInterfaceOrientationPortrait UIInterfaceOrientationLandscapeLeft UIInterfaceOrientationLandscapeRight";
				LD_RUNPATH_SEARCH_PATHS = (
					"$(inherited)",
					"@executable_path/Frameworks",
				);
				MARKETING_VERSION = 1.0;
				PRODUCT_BUNDLE_IDENTIFIER = com.mubashir.Uber;
				PRODUCT_NAME = "$(TARGET_NAME)";
				SWIFT_EMIT_LOC_STRINGS = YES;
				SWIFT_VERSION = 5.0;
				TARGETED_DEVICE_FAMILY = "1,2";
			};
			name = Release;
		};
/* End XCBuildConfiguration section */

/* Begin XCConfigurationList section */
		3F68A66629BF0EC8000028AC /* Build configuration list for PBXProject "Uber" */ = {
			isa = XCConfigurationList;
			buildConfigurations = (
				3F68A67729BF0EC9000028AC /* Debug */,
				3F68A67829BF0EC9000028AC /* Release */,
			);
			defaultConfigurationIsVisible = 0;
			defaultConfigurationName = Release;
		};
		3F68A67929BF0EC9000028AC /* Build configuration list for PBXNativeTarget "Uber" */ = {
			isa = XCConfigurationList;
			buildConfigurations = (
				3F68A67A29BF0EC9000028AC /* Debug */,
				3F68A67B29BF0EC9000028AC /* Release */,
			);
			defaultConfigurationIsVisible = 0;
			defaultConfigurationName = Release;
		};
/* End XCConfigurationList section */
	};
	rootObject = 3F68A66329BF0EC8000028AC /* Project object */;
}
